// !$*UTF8*$!
{
	archiveVersion = 1;
	classes = {
	};
	objectVersion = 56;
	objects = {

/* Begin PBXBuildFile section */
		A41389982B9EAEED00F94141 /* Logger.swift in Sources */ = {isa = PBXBuildFile; fileRef = A41389972B9EAEED00F94141 /* Logger.swift */; };
		A413899E2B9EB51A00F94141 /* LocaleX.swift in Sources */ = {isa = PBXBuildFile; fileRef = A413899D2B9EB51A00F94141 /* LocaleX.swift */; };
		A4871DBA2B8DE9C000C091BB /* starRailDailyNode.json in Resources */ = {isa = PBXBuildFile; fileRef = A4871DB82B8DE9C000C091BB /* starRailDailyNode.json */; };
		A4871DBB2B8DE9C000C091BB /* starRailWidget.json in Resources */ = {isa = PBXBuildFile; fileRef = A4871DB92B8DE9C000C091BB /* starRailWidget.json */; };
		A4871DBD2B8DE9FD00C091BB /* genshinImpactWidgetV2.json in Resources */ = {isa = PBXBuildFile; fileRef = A4871DBC2B8DE9FD00C091BB /* genshinImpactWidgetV2.json */; };
		A4871DC12B8DEBF000C091BB /* genshinCharacter.json in Resources */ = {isa = PBXBuildFile; fileRef = A4871DC02B8DEBF000C091BB /* genshinCharacter.json */; };
		A4871DC52B8EE46900C091BB /* Text+Extensions.swift in Sources */ = {isa = PBXBuildFile; fileRef = A4871DC42B8EE46900C091BB /* Text+Extensions.swift */; };
		A4871DCB2B8F253900C091BB /* SQLManager+StarRailRoleSkill.swift in Sources */ = {isa = PBXBuildFile; fileRef = A4871DCA2B8F253900C091BB /* SQLManager+StarRailRoleSkill.swift */; };
		A4871DCD2B8F307B00C091BB /* SQLManager+StarRailRoleCompute.swift in Sources */ = {isa = PBXBuildFile; fileRef = A4871DCC2B8F307B00C091BB /* SQLManager+StarRailRoleCompute.swift */; };
		A4871DCF2B901B7300C091BB /* SQLManager+StarRailWidget.swift in Sources */ = {isa = PBXBuildFile; fileRef = A4871DCE2B901B7300C091BB /* SQLManager+StarRailWidget.swift */; };
		A49FEFC92B8C9FCB00B01909 /* 1111Skill.json in Resources */ = {isa = PBXBuildFile; fileRef = A49FEFC82B8C9FCB00B01909 /* 1111Skill.json */; };
		A49FEFCB2B8D82B400B01909 /* StarRaillRarityView.swift in Sources */ = {isa = PBXBuildFile; fileRef = A49FEFCA2B8D82B400B01909 /* StarRaillRarityView.swift */; };
		A49FEFD62B8D92F100B01909 /* AlamofireObjectMapper.swift in Sources */ = {isa = PBXBuildFile; fileRef = A49FEFD52B8D92F100B01909 /* AlamofireObjectMapper.swift */; };
		A4CFC1D92B9F02C30082734B /* SideBarModel.swift in Sources */ = {isa = PBXBuildFile; fileRef = A4CFC1D82B9F02C30082734B /* SideBarModel.swift */; };
		A4CFC1DB2B9F02EA0082734B /* WidgetSectionModel.swift in Sources */ = {isa = PBXBuildFile; fileRef = A4CFC1DA2B9F02EA0082734B /* WidgetSectionModel.swift */; };
		A4CFC21F2B9F096F0082734B /* SideBarKeys.swift in Sources */ = {isa = PBXBuildFile; fileRef = A4CFC21E2B9F096F0082734B /* SideBarKeys.swift */; };
		A4CFC2212B9F097C0082734B /* LocalizableKeys.swift in Sources */ = {isa = PBXBuildFile; fileRef = A4CFC2202B9F097C0082734B /* LocalizableKeys.swift */; };
		A4CFC2242B9F0A650082734B /* ObjectMapper in Frameworks */ = {isa = PBXBuildFile; productRef = A4CFC2232B9F0A650082734B /* ObjectMapper */; };
		A4CFC2412B9F0A910082734B /* Api.swift in Sources */ = {isa = PBXBuildFile; fileRef = A4CFC22E2B9F0A720082734B /* Api.swift */; };
		A4CFC2422B9F0A910082734B /* ApiManager+StarRail.swift in Sources */ = {isa = PBXBuildFile; fileRef = A4CFC22C2B9F0A720082734B /* ApiManager+StarRail.swift */; };
		A4CFC2432B9F0A910082734B /* ApiKeys.swift in Sources */ = {isa = PBXBuildFile; fileRef = A4CFC22A2B9F0A720082734B /* ApiKeys.swift */; };
		A4CFC2442B9F0A910082734B /* ApiManager+SQL.swift in Sources */ = {isa = PBXBuildFile; fileRef = A4CFC22D2B9F0A720082734B /* ApiManager+SQL.swift */; };
		A4CFC2452B9F0A910082734B /* MockApi.swift in Sources */ = {isa = PBXBuildFile; fileRef = A4CFC2302B9F0A720082734B /* MockApi.swift */; };
		A4CFC2462B9F0A910082734B /* ApiNetworkManager.swift in Sources */ = {isa = PBXBuildFile; fileRef = A4CFC2292B9F0A720082734B /* ApiNetworkManager.swift */; };
		A4CFC2472B9F0A910082734B /* ApiGameServerKeys.swift in Sources */ = {isa = PBXBuildFile; fileRef = A4CFC22F2B9F0A720082734B /* ApiGameServerKeys.swift */; };
		A4CFC2482B9F0A910082734B /* ApiHeaderConfiguration.swift in Sources */ = {isa = PBXBuildFile; fileRef = A4CFC2262B9F0A720082734B /* ApiHeaderConfiguration.swift */; };
		A4CFC2492B9F0A910082734B /* ApiProtocol.swift in Sources */ = {isa = PBXBuildFile; fileRef = A4CFC2272B9F0A720082734B /* ApiProtocol.swift */; };
		A4CFC24A2B9F0A910082734B /* ApiDSHelper.swift in Sources */ = {isa = PBXBuildFile; fileRef = A4CFC2282B9F0A720082734B /* ApiDSHelper.swift */; };
		A4CFC24B2B9F0A910082734B /* ApiManager.swift in Sources */ = {isa = PBXBuildFile; fileRef = A4CFC22B2B9F0A720082734B /* ApiManager.swift */; };
		A4CFC24C2B9F0A950082734B /* StarRailRarityKeys.swift in Sources */ = {isa = PBXBuildFile; fileRef = A4CFC2352B9F0A720082734B /* StarRailRarityKeys.swift */; };
		A4CFC24D2B9F0A950082734B /* StarRailDamageKeys.swift in Sources */ = {isa = PBXBuildFile; fileRef = A4CFC2362B9F0A720082734B /* StarRailDamageKeys.swift */; };
		A4CFC24E2B9F0A950082734B /* StarRailDestinyKeys.swift in Sources */ = {isa = PBXBuildFile; fileRef = A4CFC2372B9F0A720082734B /* StarRailDestinyKeys.swift */; };
		A4CFC24F2B9F0A9B0082734B /* MihoyoUserModel.swift in Sources */ = {isa = PBXBuildFile; fileRef = A4CFC2322B9F0A720082734B /* MihoyoUserModel.swift */; };
		A4CFC2502B9F0A9B0082734B /* MihoyoGameCardsModel.swift in Sources */ = {isa = PBXBuildFile; fileRef = A4CFC2332B9F0A720082734B /* MihoyoGameCardsModel.swift */; };
		A4CFC2512B9F0AB40082734B /* StarRailCharacterDetailsModel.swift in Sources */ = {isa = PBXBuildFile; fileRef = A4CFC2392B9F0A720082734B /* StarRailCharacterDetailsModel.swift */; };
		A4CFC2522B9F0AB40082734B /* StarRailWeightModel.swift in Sources */ = {isa = PBXBuildFile; fileRef = A4CFC23E2B9F0A720082734B /* StarRailWeightModel.swift */; };
		A4CFC2532B9F0AB40082734B /* GenshinCharacterModel.swift in Sources */ = {isa = PBXBuildFile; fileRef = A4CFC23F2B9F0A720082734B /* GenshinCharacterModel.swift */; };
		A4CFC2542B9F0AB40082734B /* StarRailSkillComputeModel.swift in Sources */ = {isa = PBXBuildFile; fileRef = A4CFC23D2B9F0A720082734B /* StarRailSkillComputeModel.swift */; };
		A4CFC2552B9F0AB40082734B /* StarRailSkillComputeRequestModel.swift in Sources */ = {isa = PBXBuildFile; fileRef = A4CFC23A2B9F0A720082734B /* StarRailSkillComputeRequestModel.swift */; };
		A4CFC2562B9F0AB40082734B /* GenshinDailyNodeModel.swift in Sources */ = {isa = PBXBuildFile; fileRef = A4CFC23C2B9F0A720082734B /* GenshinDailyNodeModel.swift */; };
		A4CFC2572B9F0AB40082734B /* GenshinWidgetModel.swift in Sources */ = {isa = PBXBuildFile; fileRef = A4CFC23B2B9F0A720082734B /* GenshinWidgetModel.swift */; };
		BF0512232B6E206A004D6878 /* MiToolTests.swift in Sources */ = {isa = PBXBuildFile; fileRef = BF0512222B6E206A004D6878 /* MiToolTests.swift */; };
		BF05122A2B6E2651004D6878 /* RoleListView.swift in Sources */ = {isa = PBXBuildFile; fileRef = BF0512292B6E2651004D6878 /* RoleListView.swift */; };
		BF05122C2B6E2709004D6878 /* RoleCardView.swift in Sources */ = {isa = PBXBuildFile; fileRef = BF05122B2B6E2709004D6878 /* RoleCardView.swift */; };
		BF2D06882B712A200013DD7D /* SideBarViewModel.swift in Sources */ = {isa = PBXBuildFile; fileRef = BF2D06872B712A200013DD7D /* SideBarViewModel.swift */; };
		BF2D068A2B71E1B70013DD7D /* Image+Extensions.swift in Sources */ = {isa = PBXBuildFile; fileRef = BF2D06892B71E1B70013DD7D /* Image+Extensions.swift */; };
		BF2D06912B72A8EC0013DD7D /* WebView.swift in Sources */ = {isa = PBXBuildFile; fileRef = BF2D06902B72A8EC0013DD7D /* WebView.swift */; };
		BF2D06932B72AA9A0013DD7D /* WebViewModel.swift in Sources */ = {isa = PBXBuildFile; fileRef = BF2D06922B72AA9A0013DD7D /* WebViewModel.swift */; };
		BF2D06952B73818B0013DD7D /* RoleDetailView.swift in Sources */ = {isa = PBXBuildFile; fileRef = BF2D06942B73818B0013DD7D /* RoleDetailView.swift */; };
		BF2D06A62B752DD30013DD7D /* ShowRoleCardModel.swift in Sources */ = {isa = PBXBuildFile; fileRef = BF2D06A52B752DD30013DD7D /* ShowRoleCardModel.swift */; };
		BF3F43F12B9C3DC200B5C3FD /* MihoyoUserEditViewModel.swift in Sources */ = {isa = PBXBuildFile; fileRef = BF3F43F02B9C3DC200B5C3FD /* MihoyoUserEditViewModel.swift */; };
		BF3F43F72B9C3E1300B5C3FD /* CookieJSWebView.swift in Sources */ = {isa = PBXBuildFile; fileRef = BF3F43F62B9C3E1300B5C3FD /* CookieJSWebView.swift */; };
		BF3F43FA2B9C40BF00B5C3FD /* ArrayX.swift in Sources */ = {isa = PBXBuildFile; fileRef = BF3F43F92B9C40BF00B5C3FD /* ArrayX.swift */; };
		BF4659D12B69525500587AD3 /* MiToolApp.swift in Sources */ = {isa = PBXBuildFile; fileRef = BF4659D02B69525500587AD3 /* MiToolApp.swift */; };
		BF4659D32B69525500587AD3 /* ContentView.swift in Sources */ = {isa = PBXBuildFile; fileRef = BF4659D22B69525500587AD3 /* ContentView.swift */; };
		BF4659D52B69525600587AD3 /* Assets.xcassets in Resources */ = {isa = PBXBuildFile; fileRef = BF4659D42B69525600587AD3 /* Assets.xcassets */; };
		BF4659D92B69525600587AD3 /* Preview Assets.xcassets in Resources */ = {isa = PBXBuildFile; fileRef = BF4659D82B69525600587AD3 /* Preview Assets.xcassets */; };
		BF4659E12B69534B00587AD3 /* SwiftUIX in Frameworks */ = {isa = PBXBuildFile; productRef = BF4659E02B69534B00587AD3 /* SwiftUIX */; };
		BF5581B92B6FAADE003A5487 /* SideBar.swift in Sources */ = {isa = PBXBuildFile; fileRef = BF5581B82B6FAADE003A5487 /* SideBar.swift */; };
		BF5581BB2B6FAB1A003A5487 /* SideBarItemView.swift in Sources */ = {isa = PBXBuildFile; fileRef = BF5581BA2B6FAB1A003A5487 /* SideBarItemView.swift */; };
		BF5581BE2B6FAED7003A5487 /* Localizable.strings in Resources */ = {isa = PBXBuildFile; fileRef = BF5581C02B6FAED7003A5487 /* Localizable.strings */; };
		BFA75B772B7E77450020B246 /* StarRailWidgetCard.swift in Sources */ = {isa = PBXBuildFile; fileRef = BFA75B762B7E77450020B246 /* StarRailWidgetCard.swift */; };
		BFA75B792B7E79E50020B246 /* StarRailWidgetCardViewModel.swift in Sources */ = {isa = PBXBuildFile; fileRef = BFA75B782B7E79E50020B246 /* StarRailWidgetCardViewModel.swift */; };
		BFA75B7B2B7F86840020B246 /* WidgetView.swift in Sources */ = {isa = PBXBuildFile; fileRef = BFA75B7A2B7F86840020B246 /* WidgetView.swift */; };
		BFA75B892B7FC75B0020B246 /* SQLite in Frameworks */ = {isa = PBXBuildFile; productRef = BFA75B882B7FC75B0020B246 /* SQLite */; };
		BFA75B8E2B7FC8680020B246 /* SQLManager+GenshinWidget.swift in Sources */ = {isa = PBXBuildFile; fileRef = BFA75B8B2B7FC8680020B246 /* SQLManager+GenshinWidget.swift */; };
		BFA75B8F2B7FC8680020B246 /* SQLManager.swift in Sources */ = {isa = PBXBuildFile; fileRef = BFA75B8C2B7FC8680020B246 /* SQLManager.swift */; };
		BFA75B902B7FC8680020B246 /* SQLManager+StarRailRole.swift in Sources */ = {isa = PBXBuildFile; fileRef = BFA75B8D2B7FC8680020B246 /* SQLManager+StarRailRole.swift */; };
		BFB03B652B80E299005DD170 /* SQLManager+MihoyoUser.swift in Sources */ = {isa = PBXBuildFile; fileRef = BFB03B642B80E299005DD170 /* SQLManager+MihoyoUser.swift */; };
		BFB03B6B2B80FEFA005DD170 /* MihoyoUserListViewModel.swift in Sources */ = {isa = PBXBuildFile; fileRef = BFB03B6A2B80FEFA005DD170 /* MihoyoUserListViewModel.swift */; };
		BFB03B6D2B80FF9B005DD170 /* MihoyoUserListView.swift in Sources */ = {isa = PBXBuildFile; fileRef = BFB03B6C2B80FF9B005DD170 /* MihoyoUserListView.swift */; };
		BFB03B6F2B8255E2005DD170 /* MihoyoGameCardViewModel.swift in Sources */ = {isa = PBXBuildFile; fileRef = BFB03B6E2B8255E2005DD170 /* MihoyoGameCardViewModel.swift */; };
		BFB03B712B825680005DD170 /* MihoyoGameCardView.swift in Sources */ = {isa = PBXBuildFile; fileRef = BFB03B702B825680005DD170 /* MihoyoGameCardView.swift */; };
		BFB03B732B831393005DD170 /* MihoyoUserEditView.swift in Sources */ = {isa = PBXBuildFile; fileRef = BFB03B722B831393005DD170 /* MihoyoUserEditView.swift */; };
		BFB03B762B83772C005DD170 /* CryptoSwift in Frameworks */ = {isa = PBXBuildFile; productRef = BFB03B752B83772C005DD170 /* CryptoSwift */; };
		BFB03B892B83B267005DD170 /* mihoyoUser.json in Resources */ = {isa = PBXBuildFile; fileRef = BFB03B872B83B263005DD170 /* mihoyoUser.json */; };
		BFB03B8A2B83B267005DD170 /* mihoyoPersonal.json in Resources */ = {isa = PBXBuildFile; fileRef = BFB03B882B83B263005DD170 /* mihoyoPersonal.json */; };
		BFB03B8F2B83B26C005DD170 /* computeAvatar.json in Resources */ = {isa = PBXBuildFile; fileRef = BFB03B802B83B263005DD170 /* computeAvatar.json */; };
		BFB03B902B83B26C005DD170 /* genshinSpiralAbyess.json in Resources */ = {isa = PBXBuildFile; fileRef = BFB03B7A2B83B263005DD170 /* genshinSpiralAbyess.json */; };
		BFB03B912B83B26C005DD170 /* equipments.json in Resources */ = {isa = PBXBuildFile; fileRef = BFB03B792B83B263005DD170 /* equipments.json */; };
		BFB03B932B83B26C005DD170 /* 1305Skill.json in Resources */ = {isa = PBXBuildFile; fileRef = BFB03B7B2B83B263005DD170 /* 1305Skill.json */; };
		BFB03B952B83B26C005DD170 /* starRailAllAvatars.json in Resources */ = {isa = PBXBuildFile; fileRef = BFB03B7E2B83B263005DD170 /* starRailAllAvatars.json */; };
		BFB03B972B83B26C005DD170 /* myAvatars.json in Resources */ = {isa = PBXBuildFile; fileRef = BFB03B7F2B83B263005DD170 /* myAvatars.json */; };
		BFB03B982B83B26C005DD170 /* starRailCharacterDetails.json in Resources */ = {isa = PBXBuildFile; fileRef = BFB03B7C2B83B263005DD170 /* starRailCharacterDetails.json */; };
		BFB03B9F2B844F9F005DD170 /* 10000089Skill.json in Resources */ = {isa = PBXBuildFile; fileRef = BFB03B9C2B844F9E005DD170 /* 10000089Skill.json */; };
		BFB03BA02B844F9F005DD170 /* genshinFilter.json in Resources */ = {isa = PBXBuildFile; fileRef = BFB03B9D2B844F9E005DD170 /* genshinFilter.json */; };
		BFB03BA12B844F9F005DD170 /* 10000089FuNingNa.json in Resources */ = {isa = PBXBuildFile; fileRef = BFB03B9E2B844F9E005DD170 /* 10000089FuNingNa.json */; };
		BFB03BA32B845204005DD170 /* genshinDailyNote.json in Resources */ = {isa = PBXBuildFile; fileRef = BFB03BA22B845204005DD170 /* genshinDailyNote.json */; };
		BFB03BA72B849123005DD170 /* GenshinWidgetCard.swift in Sources */ = {isa = PBXBuildFile; fileRef = BFB03BA62B849123005DD170 /* GenshinWidgetCard.swift */; };
		BFB03BA92B84A58C005DD170 /* GenshinWidgetCardViewModel.swift in Sources */ = {isa = PBXBuildFile; fileRef = BFB03BA82B84A58C005DD170 /* GenshinWidgetCardViewModel.swift */; };
		BFB03BAB2B8A4C4F005DD170 /* 1003Skill.json in Resources */ = {isa = PBXBuildFile; fileRef = BFB03BAA2B8A4C4F005DD170 /* 1003Skill.json */; };
		BFB03BAD2B8B062F005DD170 /* StarRailRoleInfoModel.swift in Sources */ = {isa = PBXBuildFile; fileRef = BFB03BAC2B8B062F005DD170 /* StarRailRoleInfoModel.swift */; };
		BFB03BAF2B8B0B71005DD170 /* RoleInfoView.swift in Sources */ = {isa = PBXBuildFile; fileRef = BFB03BAE2B8B0B70005DD170 /* RoleInfoView.swift */; };
		BFB03BB12B8B0B93005DD170 /* RoleInfoViewModel.swift in Sources */ = {isa = PBXBuildFile; fileRef = BFB03BB02B8B0B93005DD170 /* RoleInfoViewModel.swift */; };
		BFB03BB82B8CE504005DD170 /* 1003SkillCompute.json in Resources */ = {isa = PBXBuildFile; fileRef = BFB03BB72B8CE504005DD170 /* 1003SkillCompute.json */; };
		BFB03BBC2B8CE648005DD170 /* skillComputeRequest.json in Resources */ = {isa = PBXBuildFile; fileRef = BFB03BBB2B8CE648005DD170 /* skillComputeRequest.json */; };
		BFC19FD12B9242DA006E83E9 /* WidgetViewModel.swift in Sources */ = {isa = PBXBuildFile; fileRef = BFC19FD02B9242DA006E83E9 /* WidgetViewModel.swift */; };
		BFC19FD52B945288006E83E9 /* SQLManager+GameRecord.swift in Sources */ = {isa = PBXBuildFile; fileRef = BFC19FD42B945288006E83E9 /* SQLManager+GameRecord.swift */; };
		BFE403B02B6E2901002FF39E /* StarRailAllRoleModel.swift in Sources */ = {isa = PBXBuildFile; fileRef = BFE403AF2B6E2901002FF39E /* StarRailAllRoleModel.swift */; };
		BFE403B32B6E2A3C002FF39E /* Bundle+Extensions.swift in Sources */ = {isa = PBXBuildFile; fileRef = BFE403B22B6E2A3C002FF39E /* Bundle+Extensions.swift */; };
		BFE403B92B6E2B55002FF39E /* RoleListViewModel.swift in Sources */ = {isa = PBXBuildFile; fileRef = BFE403B82B6E2B55002FF39E /* RoleListViewModel.swift */; };
		BFE403C02B6E2FD6002FF39E /* ThemeColor.swift in Sources */ = {isa = PBXBuildFile; fileRef = BFE403BF2B6E2FD6002FF39E /* ThemeColor.swift */; };
		BFE403C32B6E3784002FF39E /* Kingfisher in Frameworks */ = {isa = PBXBuildFile; productRef = BFE403C22B6E3784002FF39E /* Kingfisher */; };
		BFFCC1EA2B9C7E5100780742 /* 1111SkillCompute.json in Resources */ = {isa = PBXBuildFile; fileRef = BFFCC1E92B9C7E5100780742 /* 1111SkillCompute.json */; };
		BFFCC1EC2B9C89BC00780742 /* 1112SkillCompute.json in Resources */ = {isa = PBXBuildFile; fileRef = BFFCC1EB2B9C89BC00780742 /* 1112SkillCompute.json */; };
		BFFCC1EE2B9C89DC00780742 /* 1112Skill.json in Resources */ = {isa = PBXBuildFile; fileRef = BFFCC1ED2B9C89DC00780742 /* 1112Skill.json */; };
		BFFCC1F42B9DA02E00780742 /* SectionHeaderView.swift in Sources */ = {isa = PBXBuildFile; fileRef = BFFCC1F32B9DA02E00780742 /* SectionHeaderView.swift */; };
/* End PBXBuildFile section */

/* Begin PBXContainerItemProxy section */
		BF0512242B6E206A004D6878 /* PBXContainerItemProxy */ = {
			isa = PBXContainerItemProxy;
			containerPortal = BF4659C52B69525500587AD3 /* Project object */;
			proxyType = 1;
			remoteGlobalIDString = BF4659CC2B69525500587AD3;
			remoteInfo = MiTool;
		};
/* End PBXContainerItemProxy section */

/* Begin PBXFileReference section */
		A41389972B9EAEED00F94141 /* Logger.swift */ = {isa = PBXFileReference; lastKnownFileType = sourcecode.swift; path = Logger.swift; sourceTree = "<group>"; };
		A413899D2B9EB51A00F94141 /* LocaleX.swift */ = {isa = PBXFileReference; lastKnownFileType = sourcecode.swift; path = LocaleX.swift; sourceTree = "<group>"; };
		A46EF6E92B9039B100A1E6B7 /* .swiftlint.yml */ = {isa = PBXFileReference; lastKnownFileType = text.yaml; path = .swiftlint.yml; sourceTree = "<group>"; };
		A4871DB82B8DE9C000C091BB /* starRailDailyNode.json */ = {isa = PBXFileReference; fileEncoding = 4; lastKnownFileType = text.json; path = starRailDailyNode.json; sourceTree = "<group>"; };
		A4871DB92B8DE9C000C091BB /* starRailWidget.json */ = {isa = PBXFileReference; fileEncoding = 4; lastKnownFileType = text.json; path = starRailWidget.json; sourceTree = "<group>"; };
		A4871DBC2B8DE9FD00C091BB /* genshinImpactWidgetV2.json */ = {isa = PBXFileReference; lastKnownFileType = text.json; path = genshinImpactWidgetV2.json; sourceTree = "<group>"; };
		A4871DC02B8DEBF000C091BB /* genshinCharacter.json */ = {isa = PBXFileReference; lastKnownFileType = text.json; path = genshinCharacter.json; sourceTree = "<group>"; };
		A4871DC42B8EE46900C091BB /* Text+Extensions.swift */ = {isa = PBXFileReference; lastKnownFileType = sourcecode.swift; path = "Text+Extensions.swift"; sourceTree = "<group>"; };
		A4871DCA2B8F253900C091BB /* SQLManager+StarRailRoleSkill.swift */ = {isa = PBXFileReference; lastKnownFileType = sourcecode.swift; path = "SQLManager+StarRailRoleSkill.swift"; sourceTree = "<group>"; };
		A4871DCC2B8F307B00C091BB /* SQLManager+StarRailRoleCompute.swift */ = {isa = PBXFileReference; lastKnownFileType = sourcecode.swift; path = "SQLManager+StarRailRoleCompute.swift"; sourceTree = "<group>"; };
		A4871DCE2B901B7300C091BB /* SQLManager+StarRailWidget.swift */ = {isa = PBXFileReference; lastKnownFileType = sourcecode.swift; path = "SQLManager+StarRailWidget.swift"; sourceTree = "<group>"; };
		A49FEFC82B8C9FCB00B01909 /* 1111Skill.json */ = {isa = PBXFileReference; lastKnownFileType = text.json; path = 1111Skill.json; sourceTree = "<group>"; };
		A49FEFCA2B8D82B400B01909 /* StarRaillRarityView.swift */ = {isa = PBXFileReference; lastKnownFileType = sourcecode.swift; path = StarRaillRarityView.swift; sourceTree = "<group>"; };
		A49FEFD52B8D92F100B01909 /* AlamofireObjectMapper.swift */ = {isa = PBXFileReference; lastKnownFileType = sourcecode.swift; path = AlamofireObjectMapper.swift; sourceTree = "<group>"; };
		A4CFC1D82B9F02C30082734B /* SideBarModel.swift */ = {isa = PBXFileReference; lastKnownFileType = sourcecode.swift; path = SideBarModel.swift; sourceTree = "<group>"; };
		A4CFC1DA2B9F02EA0082734B /* WidgetSectionModel.swift */ = {isa = PBXFileReference; lastKnownFileType = sourcecode.swift; path = WidgetSectionModel.swift; sourceTree = "<group>"; };
		A4CFC21E2B9F096F0082734B /* SideBarKeys.swift */ = {isa = PBXFileReference; lastKnownFileType = sourcecode.swift; path = SideBarKeys.swift; sourceTree = "<group>"; };
		A4CFC2202B9F097C0082734B /* LocalizableKeys.swift */ = {isa = PBXFileReference; lastKnownFileType = sourcecode.swift; path = LocalizableKeys.swift; sourceTree = "<group>"; };
		A4CFC2262B9F0A720082734B /* ApiHeaderConfiguration.swift */ = {isa = PBXFileReference; lastKnownFileType = sourcecode.swift; path = ApiHeaderConfiguration.swift; sourceTree = "<group>"; };
		A4CFC2272B9F0A720082734B /* ApiProtocol.swift */ = {isa = PBXFileReference; lastKnownFileType = sourcecode.swift; path = ApiProtocol.swift; sourceTree = "<group>"; };
		A4CFC2282B9F0A720082734B /* ApiDSHelper.swift */ = {isa = PBXFileReference; lastKnownFileType = sourcecode.swift; path = ApiDSHelper.swift; sourceTree = "<group>"; };
		A4CFC2292B9F0A720082734B /* ApiNetworkManager.swift */ = {isa = PBXFileReference; lastKnownFileType = sourcecode.swift; path = ApiNetworkManager.swift; sourceTree = "<group>"; };
		A4CFC22A2B9F0A720082734B /* ApiKeys.swift */ = {isa = PBXFileReference; lastKnownFileType = sourcecode.swift; path = ApiKeys.swift; sourceTree = "<group>"; };
		A4CFC22B2B9F0A720082734B /* ApiManager.swift */ = {isa = PBXFileReference; lastKnownFileType = sourcecode.swift; path = ApiManager.swift; sourceTree = "<group>"; };
		A4CFC22C2B9F0A720082734B /* ApiManager+StarRail.swift */ = {isa = PBXFileReference; lastKnownFileType = sourcecode.swift; path = "ApiManager+StarRail.swift"; sourceTree = "<group>"; };
		A4CFC22D2B9F0A720082734B /* ApiManager+SQL.swift */ = {isa = PBXFileReference; lastKnownFileType = sourcecode.swift; path = "ApiManager+SQL.swift"; sourceTree = "<group>"; };
		A4CFC22E2B9F0A720082734B /* Api.swift */ = {isa = PBXFileReference; lastKnownFileType = sourcecode.swift; path = Api.swift; sourceTree = "<group>"; };
		A4CFC22F2B9F0A720082734B /* ApiGameServerKeys.swift */ = {isa = PBXFileReference; lastKnownFileType = sourcecode.swift; path = ApiGameServerKeys.swift; sourceTree = "<group>"; };
		A4CFC2302B9F0A720082734B /* MockApi.swift */ = {isa = PBXFileReference; lastKnownFileType = sourcecode.swift; path = MockApi.swift; sourceTree = "<group>"; };
		A4CFC2322B9F0A720082734B /* MihoyoUserModel.swift */ = {isa = PBXFileReference; lastKnownFileType = sourcecode.swift; path = MihoyoUserModel.swift; sourceTree = "<group>"; };
		A4CFC2332B9F0A720082734B /* MihoyoGameCardsModel.swift */ = {isa = PBXFileReference; lastKnownFileType = sourcecode.swift; path = MihoyoGameCardsModel.swift; sourceTree = "<group>"; };
		A4CFC2352B9F0A720082734B /* StarRailRarityKeys.swift */ = {isa = PBXFileReference; lastKnownFileType = sourcecode.swift; path = StarRailRarityKeys.swift; sourceTree = "<group>"; };
		A4CFC2362B9F0A720082734B /* StarRailDamageKeys.swift */ = {isa = PBXFileReference; lastKnownFileType = sourcecode.swift; path = StarRailDamageKeys.swift; sourceTree = "<group>"; };
		A4CFC2372B9F0A720082734B /* StarRailDestinyKeys.swift */ = {isa = PBXFileReference; lastKnownFileType = sourcecode.swift; path = StarRailDestinyKeys.swift; sourceTree = "<group>"; };
		A4CFC2392B9F0A720082734B /* StarRailCharacterDetailsModel.swift */ = {isa = PBXFileReference; lastKnownFileType = sourcecode.swift; path = StarRailCharacterDetailsModel.swift; sourceTree = "<group>"; };
		A4CFC23A2B9F0A720082734B /* StarRailSkillComputeRequestModel.swift */ = {isa = PBXFileReference; lastKnownFileType = sourcecode.swift; path = StarRailSkillComputeRequestModel.swift; sourceTree = "<group>"; };
		A4CFC23B2B9F0A720082734B /* GenshinWidgetModel.swift */ = {isa = PBXFileReference; lastKnownFileType = sourcecode.swift; path = GenshinWidgetModel.swift; sourceTree = "<group>"; };
		A4CFC23C2B9F0A720082734B /* GenshinDailyNodeModel.swift */ = {isa = PBXFileReference; lastKnownFileType = sourcecode.swift; path = GenshinDailyNodeModel.swift; sourceTree = "<group>"; };
		A4CFC23D2B9F0A720082734B /* StarRailSkillComputeModel.swift */ = {isa = PBXFileReference; lastKnownFileType = sourcecode.swift; path = StarRailSkillComputeModel.swift; sourceTree = "<group>"; };
		A4CFC23E2B9F0A720082734B /* StarRailWeightModel.swift */ = {isa = PBXFileReference; lastKnownFileType = sourcecode.swift; path = StarRailWeightModel.swift; sourceTree = "<group>"; };
		A4CFC23F2B9F0A720082734B /* GenshinCharacterModel.swift */ = {isa = PBXFileReference; lastKnownFileType = sourcecode.swift; path = GenshinCharacterModel.swift; sourceTree = "<group>"; };
		BF0512202B6E2069004D6878 /* MiToolTests.xctest */ = {isa = PBXFileReference; explicitFileType = wrapper.cfbundle; includeInIndex = 0; path = MiToolTests.xctest; sourceTree = BUILT_PRODUCTS_DIR; };
		BF0512222B6E206A004D6878 /* MiToolTests.swift */ = {isa = PBXFileReference; lastKnownFileType = sourcecode.swift; path = MiToolTests.swift; sourceTree = "<group>"; };
		BF0512292B6E2651004D6878 /* RoleListView.swift */ = {isa = PBXFileReference; lastKnownFileType = sourcecode.swift; path = "\U001dRoleListView.swift"; sourceTree = "<group>"; };
		BF05122B2B6E2709004D6878 /* RoleCardView.swift */ = {isa = PBXFileReference; lastKnownFileType = sourcecode.swift; path = RoleCardView.swift; sourceTree = "<group>"; };
		BF2D06872B712A200013DD7D /* SideBarViewModel.swift */ = {isa = PBXFileReference; lastKnownFileType = sourcecode.swift; path = SideBarViewModel.swift; sourceTree = "<group>"; };
		BF2D06892B71E1B70013DD7D /* Image+Extensions.swift */ = {isa = PBXFileReference; lastKnownFileType = sourcecode.swift; path = "Image+Extensions.swift"; sourceTree = "<group>"; };
		BF2D06902B72A8EC0013DD7D /* WebView.swift */ = {isa = PBXFileReference; lastKnownFileType = sourcecode.swift; path = WebView.swift; sourceTree = "<group>"; };
		BF2D06922B72AA9A0013DD7D /* WebViewModel.swift */ = {isa = PBXFileReference; lastKnownFileType = sourcecode.swift; path = WebViewModel.swift; sourceTree = "<group>"; };
		BF2D06942B73818B0013DD7D /* RoleDetailView.swift */ = {isa = PBXFileReference; lastKnownFileType = sourcecode.swift; path = "\U001dRoleDetailView.swift"; sourceTree = "<group>"; };
		BF2D069C2B74E54F0013DD7D /* Info.plist */ = {isa = PBXFileReference; lastKnownFileType = text.plist; path = Info.plist; sourceTree = "<group>"; };
		BF2D06A52B752DD30013DD7D /* ShowRoleCardModel.swift */ = {isa = PBXFileReference; lastKnownFileType = sourcecode.swift; path = ShowRoleCardModel.swift; sourceTree = "<group>"; };
		BF3F43F02B9C3DC200B5C3FD /* MihoyoUserEditViewModel.swift */ = {isa = PBXFileReference; lastKnownFileType = sourcecode.swift; path = MihoyoUserEditViewModel.swift; sourceTree = "<group>"; };
		BF3F43F62B9C3E1300B5C3FD /* CookieJSWebView.swift */ = {isa = PBXFileReference; lastKnownFileType = sourcecode.swift; path = CookieJSWebView.swift; sourceTree = "<group>"; };
		BF3F43F92B9C40BF00B5C3FD /* ArrayX.swift */ = {isa = PBXFileReference; lastKnownFileType = sourcecode.swift; path = ArrayX.swift; sourceTree = "<group>"; };
		BF4659CD2B69525500587AD3 /* MiTool.app */ = {isa = PBXFileReference; explicitFileType = wrapper.application; includeInIndex = 0; path = MiTool.app; sourceTree = BUILT_PRODUCTS_DIR; };
		BF4659D02B69525500587AD3 /* MiToolApp.swift */ = {isa = PBXFileReference; lastKnownFileType = sourcecode.swift; path = MiToolApp.swift; sourceTree = "<group>"; };
		BF4659D22B69525500587AD3 /* ContentView.swift */ = {isa = PBXFileReference; lastKnownFileType = sourcecode.swift; path = ContentView.swift; sourceTree = "<group>"; };
		BF4659D42B69525600587AD3 /* Assets.xcassets */ = {isa = PBXFileReference; lastKnownFileType = folder.assetcatalog; path = Assets.xcassets; sourceTree = "<group>"; };
		BF4659D62B69525600587AD3 /* MiTool.entitlements */ = {isa = PBXFileReference; lastKnownFileType = text.plist.entitlements; path = MiTool.entitlements; sourceTree = "<group>"; };
		BF4659D82B69525600587AD3 /* Preview Assets.xcassets */ = {isa = PBXFileReference; lastKnownFileType = folder.assetcatalog; path = "Preview Assets.xcassets"; sourceTree = "<group>"; };
		BF5581B82B6FAADE003A5487 /* SideBar.swift */ = {isa = PBXFileReference; lastKnownFileType = sourcecode.swift; path = SideBar.swift; sourceTree = "<group>"; };
		BF5581BA2B6FAB1A003A5487 /* SideBarItemView.swift */ = {isa = PBXFileReference; lastKnownFileType = sourcecode.swift; path = SideBarItemView.swift; sourceTree = "<group>"; };
		BF5581BF2B6FAED7003A5487 /* en */ = {isa = PBXFileReference; lastKnownFileType = text.plist.strings; name = en; path = en.lproj/Localizable.strings; sourceTree = "<group>"; };
		BF5581C12B6FAED8003A5487 /* zh-Hans */ = {isa = PBXFileReference; lastKnownFileType = text.plist.strings; name = "zh-Hans"; path = "zh-Hans.lproj/Localizable.strings"; sourceTree = "<group>"; };
		BFA75B762B7E77450020B246 /* StarRailWidgetCard.swift */ = {isa = PBXFileReference; lastKnownFileType = sourcecode.swift; path = StarRailWidgetCard.swift; sourceTree = "<group>"; };
		BFA75B782B7E79E50020B246 /* StarRailWidgetCardViewModel.swift */ = {isa = PBXFileReference; lastKnownFileType = sourcecode.swift; path = StarRailWidgetCardViewModel.swift; sourceTree = "<group>"; };
		BFA75B7A2B7F86840020B246 /* WidgetView.swift */ = {isa = PBXFileReference; lastKnownFileType = sourcecode.swift; path = WidgetView.swift; sourceTree = "<group>"; };
		BFA75B8B2B7FC8680020B246 /* SQLManager+GenshinWidget.swift */ = {isa = PBXFileReference; fileEncoding = 4; lastKnownFileType = sourcecode.swift; path = "SQLManager+GenshinWidget.swift"; sourceTree = "<group>"; };
		BFA75B8C2B7FC8680020B246 /* SQLManager.swift */ = {isa = PBXFileReference; fileEncoding = 4; lastKnownFileType = sourcecode.swift; path = SQLManager.swift; sourceTree = "<group>"; };
		BFA75B8D2B7FC8680020B246 /* SQLManager+StarRailRole.swift */ = {isa = PBXFileReference; fileEncoding = 4; lastKnownFileType = sourcecode.swift; path = "SQLManager+StarRailRole.swift"; sourceTree = "<group>"; };
		BFB03B642B80E299005DD170 /* SQLManager+MihoyoUser.swift */ = {isa = PBXFileReference; lastKnownFileType = sourcecode.swift; path = "SQLManager+MihoyoUser.swift"; sourceTree = "<group>"; };
		BFB03B6A2B80FEFA005DD170 /* MihoyoUserListViewModel.swift */ = {isa = PBXFileReference; lastKnownFileType = sourcecode.swift; path = MihoyoUserListViewModel.swift; sourceTree = "<group>"; };
		BFB03B6C2B80FF9B005DD170 /* MihoyoUserListView.swift */ = {isa = PBXFileReference; lastKnownFileType = sourcecode.swift; path = MihoyoUserListView.swift; sourceTree = "<group>"; };
		BFB03B6E2B8255E2005DD170 /* MihoyoGameCardViewModel.swift */ = {isa = PBXFileReference; lastKnownFileType = sourcecode.swift; path = MihoyoGameCardViewModel.swift; sourceTree = "<group>"; };
		BFB03B702B825680005DD170 /* MihoyoGameCardView.swift */ = {isa = PBXFileReference; lastKnownFileType = sourcecode.swift; path = MihoyoGameCardView.swift; sourceTree = "<group>"; };
		BFB03B722B831393005DD170 /* MihoyoUserEditView.swift */ = {isa = PBXFileReference; lastKnownFileType = sourcecode.swift; path = MihoyoUserEditView.swift; sourceTree = "<group>"; };
		BFB03B792B83B263005DD170 /* equipments.json */ = {isa = PBXFileReference; lastKnownFileType = text.json; path = equipments.json; sourceTree = "<group>"; };
		BFB03B7A2B83B263005DD170 /* genshinSpiralAbyess.json */ = {isa = PBXFileReference; lastKnownFileType = text.json; path = genshinSpiralAbyess.json; sourceTree = "<group>"; };
		BFB03B7B2B83B263005DD170 /* 1305Skill.json */ = {isa = PBXFileReference; lastKnownFileType = text.json; path = 1305Skill.json; sourceTree = "<group>"; };
		BFB03B7C2B83B263005DD170 /* starRailCharacterDetails.json */ = {isa = PBXFileReference; lastKnownFileType = text.json; path = starRailCharacterDetails.json; sourceTree = "<group>"; };
		BFB03B7E2B83B263005DD170 /* starRailAllAvatars.json */ = {isa = PBXFileReference; lastKnownFileType = text.json; path = starRailAllAvatars.json; sourceTree = "<group>"; };
		BFB03B7F2B83B263005DD170 /* myAvatars.json */ = {isa = PBXFileReference; lastKnownFileType = text.json; path = myAvatars.json; sourceTree = "<group>"; };
		BFB03B802B83B263005DD170 /* computeAvatar.json */ = {isa = PBXFileReference; lastKnownFileType = text.json; path = computeAvatar.json; sourceTree = "<group>"; };
		BFB03B872B83B263005DD170 /* mihoyoUser.json */ = {isa = PBXFileReference; lastKnownFileType = text.json; path = mihoyoUser.json; sourceTree = "<group>"; };
		BFB03B882B83B263005DD170 /* mihoyoPersonal.json */ = {isa = PBXFileReference; lastKnownFileType = text.json; path = mihoyoPersonal.json; sourceTree = "<group>"; };
		BFB03B9C2B844F9E005DD170 /* 10000089Skill.json */ = {isa = PBXFileReference; fileEncoding = 4; lastKnownFileType = text.json; path = 10000089Skill.json; sourceTree = "<group>"; };
		BFB03B9D2B844F9E005DD170 /* genshinFilter.json */ = {isa = PBXFileReference; fileEncoding = 4; lastKnownFileType = text.json; path = genshinFilter.json; sourceTree = "<group>"; };
		BFB03B9E2B844F9E005DD170 /* 10000089FuNingNa.json */ = {isa = PBXFileReference; fileEncoding = 4; lastKnownFileType = text.json; path = 10000089FuNingNa.json; sourceTree = "<group>"; };
		BFB03BA22B845204005DD170 /* genshinDailyNote.json */ = {isa = PBXFileReference; fileEncoding = 4; lastKnownFileType = text.json; path = genshinDailyNote.json; sourceTree = "<group>"; };
		BFB03BA62B849123005DD170 /* GenshinWidgetCard.swift */ = {isa = PBXFileReference; lastKnownFileType = sourcecode.swift; path = GenshinWidgetCard.swift; sourceTree = "<group>"; };
		BFB03BA82B84A58C005DD170 /* GenshinWidgetCardViewModel.swift */ = {isa = PBXFileReference; lastKnownFileType = sourcecode.swift; path = GenshinWidgetCardViewModel.swift; sourceTree = "<group>"; };
		BFB03BAA2B8A4C4F005DD170 /* 1003Skill.json */ = {isa = PBXFileReference; lastKnownFileType = text.json; path = 1003Skill.json; sourceTree = "<group>"; };
		BFB03BAC2B8B062F005DD170 /* StarRailRoleInfoModel.swift */ = {isa = PBXFileReference; lastKnownFileType = sourcecode.swift; path = StarRailRoleInfoModel.swift; sourceTree = "<group>"; };
		BFB03BAE2B8B0B70005DD170 /* RoleInfoView.swift */ = {isa = PBXFileReference; lastKnownFileType = sourcecode.swift; path = RoleInfoView.swift; sourceTree = "<group>"; };
		BFB03BB02B8B0B93005DD170 /* RoleInfoViewModel.swift */ = {isa = PBXFileReference; lastKnownFileType = sourcecode.swift; path = RoleInfoViewModel.swift; sourceTree = "<group>"; };
		BFB03BB72B8CE504005DD170 /* 1003SkillCompute.json */ = {isa = PBXFileReference; lastKnownFileType = text.json; path = 1003SkillCompute.json; sourceTree = "<group>"; };
		BFB03BBB2B8CE648005DD170 /* skillComputeRequest.json */ = {isa = PBXFileReference; lastKnownFileType = text.json; path = skillComputeRequest.json; sourceTree = "<group>"; };
		BFC19FD02B9242DA006E83E9 /* WidgetViewModel.swift */ = {isa = PBXFileReference; lastKnownFileType = sourcecode.swift; path = WidgetViewModel.swift; sourceTree = "<group>"; };
		BFC19FD42B945288006E83E9 /* SQLManager+GameRecord.swift */ = {isa = PBXFileReference; lastKnownFileType = sourcecode.swift; path = "SQLManager+GameRecord.swift"; sourceTree = "<group>"; };
		BFE403AF2B6E2901002FF39E /* StarRailAllRoleModel.swift */ = {isa = PBXFileReference; lastKnownFileType = sourcecode.swift; path = StarRailAllRoleModel.swift; sourceTree = "<group>"; };
		BFE403B22B6E2A3C002FF39E /* Bundle+Extensions.swift */ = {isa = PBXFileReference; lastKnownFileType = sourcecode.swift; path = "Bundle+Extensions.swift"; sourceTree = "<group>"; };
		BFE403B82B6E2B55002FF39E /* RoleListViewModel.swift */ = {isa = PBXFileReference; lastKnownFileType = sourcecode.swift; path = RoleListViewModel.swift; sourceTree = "<group>"; };
		BFE403BF2B6E2FD6002FF39E /* ThemeColor.swift */ = {isa = PBXFileReference; lastKnownFileType = sourcecode.swift; path = ThemeColor.swift; sourceTree = "<group>"; };
		BFFCC1E92B9C7E5100780742 /* 1111SkillCompute.json */ = {isa = PBXFileReference; lastKnownFileType = text.json; path = 1111SkillCompute.json; sourceTree = "<group>"; };
		BFFCC1EB2B9C89BC00780742 /* 1112SkillCompute.json */ = {isa = PBXFileReference; lastKnownFileType = text.json; path = 1112SkillCompute.json; sourceTree = "<group>"; };
		BFFCC1ED2B9C89DC00780742 /* 1112Skill.json */ = {isa = PBXFileReference; lastKnownFileType = text.json; path = 1112Skill.json; sourceTree = "<group>"; };
		BFFCC1F32B9DA02E00780742 /* SectionHeaderView.swift */ = {isa = PBXFileReference; lastKnownFileType = sourcecode.swift; path = SectionHeaderView.swift; sourceTree = "<group>"; };
/* End PBXFileReference section */

/* Begin PBXFrameworksBuildPhase section */
		BF05121D2B6E2069004D6878 /* Frameworks */ = {
			isa = PBXFrameworksBuildPhase;
			buildActionMask = 2147483647;
			files = (
			);
			runOnlyForDeploymentPostprocessing = 0;
		};
		BF4659CA2B69525500587AD3 /* Frameworks */ = {
			isa = PBXFrameworksBuildPhase;
			buildActionMask = 2147483647;
			files = (
				A4CFC2242B9F0A650082734B /* ObjectMapper in Frameworks */,
				BFA75B892B7FC75B0020B246 /* SQLite in Frameworks */,
				BFE403C32B6E3784002FF39E /* Kingfisher in Frameworks */,
				BF4659E12B69534B00587AD3 /* SwiftUIX in Frameworks */,
				BFB03B762B83772C005DD170 /* CryptoSwift in Frameworks */,
			);
			runOnlyForDeploymentPostprocessing = 0;
		};
/* End PBXFrameworksBuildPhase section */

/* Begin PBXGroup section */
		A41389962B9EAEE400F94141 /* Base */ = {
			isa = PBXGroup;
			children = (
				A41389972B9EAEED00F94141 /* Logger.swift */,
			);
			path = Base;
			sourceTree = "<group>";
		};
		A4CFC2252B9F0A720082734B /* Apis */ = {
			isa = PBXGroup;
			children = (
				A4CFC2262B9F0A720082734B /* ApiHeaderConfiguration.swift */,
				A4CFC2272B9F0A720082734B /* ApiProtocol.swift */,
				A4CFC2282B9F0A720082734B /* ApiDSHelper.swift */,
				A4CFC2292B9F0A720082734B /* ApiNetworkManager.swift */,
				A4CFC22A2B9F0A720082734B /* ApiKeys.swift */,
				A4CFC22B2B9F0A720082734B /* ApiManager.swift */,
				A4CFC22C2B9F0A720082734B /* ApiManager+StarRail.swift */,
				A4CFC22D2B9F0A720082734B /* ApiManager+SQL.swift */,
				A4CFC22E2B9F0A720082734B /* Api.swift */,
				A4CFC22F2B9F0A720082734B /* ApiGameServerKeys.swift */,
				A4CFC2302B9F0A720082734B /* MockApi.swift */,
			);
			path = Apis;
			sourceTree = "<group>";
		};
		A4CFC2312B9F0A720082734B /* MiHoYo */ = {
			isa = PBXGroup;
			children = (
				A4CFC2322B9F0A720082734B /* MihoyoUserModel.swift */,
				A4CFC2332B9F0A720082734B /* MihoyoGameCardsModel.swift */,
			);
			path = MiHoYo;
			sourceTree = "<group>";
		};
		A4CFC2342B9F0A720082734B /* Keys */ = {
			isa = PBXGroup;
			children = (
				A4CFC2352B9F0A720082734B /* StarRailRarityKeys.swift */,
				A4CFC2362B9F0A720082734B /* StarRailDamageKeys.swift */,
				A4CFC2372B9F0A720082734B /* StarRailDestinyKeys.swift */,
			);
			path = Keys;
			sourceTree = "<group>";
		};
		A4CFC2382B9F0A720082734B /* StarRailModels */ = {
			isa = PBXGroup;
			children = (
				A4CFC2392B9F0A720082734B /* StarRailCharacterDetailsModel.swift */,
				A4CFC23A2B9F0A720082734B /* StarRailSkillComputeRequestModel.swift */,
				A4CFC23D2B9F0A720082734B /* StarRailSkillComputeModel.swift */,
				A4CFC23E2B9F0A720082734B /* StarRailWeightModel.swift */,
			);
			path = StarRailModels;
			sourceTree = "<group>";
		};
		A4CFC2582B9F0ABC0082734B /* GenshinModels */ = {
			isa = PBXGroup;
			children = (
				A4CFC23F2B9F0A720082734B /* GenshinCharacterModel.swift */,
				A4CFC23C2B9F0A720082734B /* GenshinDailyNodeModel.swift */,
				A4CFC23B2B9F0A720082734B /* GenshinWidgetModel.swift */,
			);
			path = GenshinModels;
			sourceTree = "<group>";
		};
		A4CFC25A2B9F0AE00082734B /* MiHoYoKit */ = {
			isa = PBXGroup;
			children = (
				A4CFC2252B9F0A720082734B /* Apis */,
				A4CFC2582B9F0ABC0082734B /* GenshinModels */,
				A4CFC2342B9F0A720082734B /* Keys */,
				A4CFC2312B9F0A720082734B /* MiHoYo */,
				A4CFC2382B9F0A720082734B /* StarRailModels */,
			);
			path = MiHoYoKit;
			sourceTree = "<group>";
		};
		BF0512212B6E206A004D6878 /* MiToolTests */ = {
			isa = PBXGroup;
			children = (
				BF0512222B6E206A004D6878 /* MiToolTests.swift */,
			);
			path = MiToolTests;
			sourceTree = "<group>";
		};
		BF2D06862B7129DA0013DD7D /* Resources */ = {
			isa = PBXGroup;
			children = (
				BF4659D42B69525600587AD3 /* Assets.xcassets */,
				BFB03B9B2B844F9E005DD170 /* genshin */,
				BFB03B772B83B263005DD170 /* hkrpg */,
				BF5581C02B6FAED7003A5487 /* Localizable.strings */,
				BFB03B862B83B263005DD170 /* mihoyo */,
				BF4659D62B69525600587AD3 /* MiTool.entitlements */,
			);
			path = Resources;
			sourceTree = "<group>";
		};
		BF3F43E32B9C3AB100B5C3FD /* WebView */ = {
			isa = PBXGroup;
			children = (
				BF2D06902B72A8EC0013DD7D /* WebView.swift */,
				BF2D06922B72AA9A0013DD7D /* WebViewModel.swift */,
				BF3F43F62B9C3E1300B5C3FD /* CookieJSWebView.swift */,
			);
			path = WebView;
			sourceTree = "<group>";
		};
		BF3F43E42B9C3ADB00B5C3FD /* Modules */ = {
			isa = PBXGroup;
			children = (
				BFF76F912B9C39800087A301 /* Mihoyo */,
				BFF76F932B9C39B40087A301 /* Role */,
				BFF76F922B9C399E0087A301 /* SideBar */,
				BF5581B72B6FAAD1003A5487 /* Views */,
				BF3F43E32B9C3AB100B5C3FD /* WebView */,
				BFF76F902B9C391A0087A301 /* Widget */,
			);
			path = Modules;
			sourceTree = "<group>";
		};
		BF4659C42B69525500587AD3 = {
			isa = PBXGroup;
			children = (
				A46EF6E92B9039B100A1E6B7 /* .swiftlint.yml */,
				BF4659CF2B69525500587AD3 /* MiTool */,
				BF0512212B6E206A004D6878 /* MiToolTests */,
				BF4659CE2B69525500587AD3 /* Products */,
			);
			sourceTree = "<group>";
		};
		BF4659CE2B69525500587AD3 /* Products */ = {
			isa = PBXGroup;
			children = (
				BF4659CD2B69525500587AD3 /* MiTool.app */,
				BF0512202B6E2069004D6878 /* MiToolTests.xctest */,
			);
			name = Products;
			sourceTree = "<group>";
		};
		BF4659CF2B69525500587AD3 /* MiTool */ = {
			isa = PBXGroup;
			children = (
				A4CFC25A2B9F0AE00082734B /* MiHoYoKit */,
				BF4659D22B69525500587AD3 /* ContentView.swift */,
				BFE403B12B6E2A2F002FF39E /* Extensions */,
				BF2D069C2B74E54F0013DD7D /* Info.plist */,
				BF4659D02B69525500587AD3 /* MiToolApp.swift */,
				A4CFC2202B9F097C0082734B /* LocalizableKeys.swift */,
				A41389962B9EAEE400F94141 /* Base */,
				BF3F43E42B9C3ADB00B5C3FD /* Modules */,
				BF4659D72B69525600587AD3 /* Preview Content */,
				BF2D06862B7129DA0013DD7D /* Resources */,
				BFA75B8A2B7FC8680020B246 /* SQLManager */,
				BFE403BE2B6E2FBD002FF39E /* Theme */,
			);
			path = MiTool;
			sourceTree = "<group>";
		};
		BF4659D72B69525600587AD3 /* Preview Content */ = {
			isa = PBXGroup;
			children = (
				BF4659D82B69525600587AD3 /* Preview Assets.xcassets */,
			);
			path = "Preview Content";
			sourceTree = "<group>";
		};
		BF5581B72B6FAAD1003A5487 /* Views */ = {
			isa = PBXGroup;
			children = (
				A49FEFCA2B8D82B400B01909 /* StarRaillRarityView.swift */,
				BFFCC1F32B9DA02E00780742 /* SectionHeaderView.swift */,
			);
			path = Views;
			sourceTree = "<group>";
		};
		BFA75B8A2B7FC8680020B246 /* SQLManager */ = {
			isa = PBXGroup;
			children = (
				BFA75B8C2B7FC8680020B246 /* SQLManager.swift */,
				BFC19FD42B945288006E83E9 /* SQLManager+GameRecord.swift */,
				BFA75B8B2B7FC8680020B246 /* SQLManager+GenshinWidget.swift */,
				BFB03B642B80E299005DD170 /* SQLManager+MihoyoUser.swift */,
				BFA75B8D2B7FC8680020B246 /* SQLManager+StarRailRole.swift */,
				A4871DCC2B8F307B00C091BB /* SQLManager+StarRailRoleCompute.swift */,
				A4871DCA2B8F253900C091BB /* SQLManager+StarRailRoleSkill.swift */,
				A4871DCE2B901B7300C091BB /* SQLManager+StarRailWidget.swift */,
			);
			path = SQLManager;
			sourceTree = "<group>";
		};
		BFB03B772B83B263005DD170 /* hkrpg */ = {
			isa = PBXGroup;
			children = (
				BFB03BAA2B8A4C4F005DD170 /* 1003Skill.json */,
				BFB03BB72B8CE504005DD170 /* 1003SkillCompute.json */,
				A49FEFC82B8C9FCB00B01909 /* 1111Skill.json */,
				BFFCC1E92B9C7E5100780742 /* 1111SkillCompute.json */,
				BFFCC1ED2B9C89DC00780742 /* 1112Skill.json */,
				BFFCC1EB2B9C89BC00780742 /* 1112SkillCompute.json */,
				BFB03B7B2B83B263005DD170 /* 1305Skill.json */,
				BFB03B802B83B263005DD170 /* computeAvatar.json */,
				BFB03B792B83B263005DD170 /* equipments.json */,
				BFB03B7A2B83B263005DD170 /* genshinSpiralAbyess.json */,
				BFB03B7F2B83B263005DD170 /* myAvatars.json */,
				BFB03BBB2B8CE648005DD170 /* skillComputeRequest.json */,
				BFB03B7E2B83B263005DD170 /* starRailAllAvatars.json */,
				BFB03B7C2B83B263005DD170 /* starRailCharacterDetails.json */,
				A4871DB82B8DE9C000C091BB /* starRailDailyNode.json */,
				A4871DB92B8DE9C000C091BB /* starRailWidget.json */,
			);
			path = hkrpg;
			sourceTree = SOURCE_ROOT;
		};
		BFB03B862B83B263005DD170 /* mihoyo */ = {
			isa = PBXGroup;
			children = (
				BFB03B872B83B263005DD170 /* mihoyoUser.json */,
				BFB03B882B83B263005DD170 /* mihoyoPersonal.json */,
			);
			path = mihoyo;
			sourceTree = SOURCE_ROOT;
		};
		BFB03B9B2B844F9E005DD170 /* genshin */ = {
			isa = PBXGroup;
			children = (
				BFB03B9E2B844F9E005DD170 /* 10000089FuNingNa.json */,
				BFB03B9C2B844F9E005DD170 /* 10000089Skill.json */,
				BFB03B9D2B844F9E005DD170 /* genshinFilter.json */,
				A4871DC02B8DEBF000C091BB /* genshinCharacter.json */,
				BFB03BA22B845204005DD170 /* genshinDailyNote.json */,
				A4871DBC2B8DE9FD00C091BB /* genshinImpactWidgetV2.json */,
			);
			path = genshin;
			sourceTree = SOURCE_ROOT;
		};
		BFE403B12B6E2A2F002FF39E /* Extensions */ = {
			isa = PBXGroup;
			children = (
				BFE403B22B6E2A3C002FF39E /* Bundle+Extensions.swift */,
				BF2D06892B71E1B70013DD7D /* Image+Extensions.swift */,
				A4871DC42B8EE46900C091BB /* Text+Extensions.swift */,
				A49FEFD52B8D92F100B01909 /* AlamofireObjectMapper.swift */,
				BF3F43F92B9C40BF00B5C3FD /* ArrayX.swift */,
				A413899D2B9EB51A00F94141 /* LocaleX.swift */,
			);
			path = Extensions;
			sourceTree = "<group>";
		};
		BFE403BE2B6E2FBD002FF39E /* Theme */ = {
			isa = PBXGroup;
			children = (
				BFE403BF2B6E2FD6002FF39E /* ThemeColor.swift */,
			);
			path = Theme;
			sourceTree = "<group>";
		};
		BFF76F902B9C391A0087A301 /* Widget */ = {
			isa = PBXGroup;
			children = (
				BFB03BA62B849123005DD170 /* GenshinWidgetCard.swift */,
				BFB03BA82B84A58C005DD170 /* GenshinWidgetCardViewModel.swift */,
				BFA75B762B7E77450020B246 /* StarRailWidgetCard.swift */,
				BFA75B782B7E79E50020B246 /* StarRailWidgetCardViewModel.swift */,
				BFA75B7A2B7F86840020B246 /* WidgetView.swift */,
				BFC19FD02B9242DA006E83E9 /* WidgetViewModel.swift */,
				A4CFC1DA2B9F02EA0082734B /* WidgetSectionModel.swift */,
			);
			path = Widget;
			sourceTree = "<group>";
		};
		BFF76F912B9C39800087A301 /* Mihoyo */ = {
			isa = PBXGroup;
			children = (
				BFB03B702B825680005DD170 /* MihoyoGameCardView.swift */,
				BFB03B6E2B8255E2005DD170 /* MihoyoGameCardViewModel.swift */,
				BF3F43F02B9C3DC200B5C3FD /* MihoyoUserEditViewModel.swift */,
				BFB03B722B831393005DD170 /* MihoyoUserEditView.swift */,
				BFB03B6C2B80FF9B005DD170 /* MihoyoUserListView.swift */,
				BFB03B6A2B80FEFA005DD170 /* MihoyoUserListViewModel.swift */,
			);
			path = Mihoyo;
			sourceTree = "<group>";
		};
		BFF76F922B9C399E0087A301 /* SideBar */ = {
			isa = PBXGroup;
			children = (
				A4CFC1D82B9F02C30082734B /* SideBarModel.swift */,
				A4CFC21E2B9F096F0082734B /* SideBarKeys.swift */,
				BF5581B82B6FAADE003A5487 /* SideBar.swift */,
				BF5581BA2B6FAB1A003A5487 /* SideBarItemView.swift */,
				BF2D06872B712A200013DD7D /* SideBarViewModel.swift */,
			);
			path = SideBar;
			sourceTree = "<group>";
		};
		BFF76F932B9C39B40087A301 /* Role */ = {
			isa = PBXGroup;
			children = (
				BF05122B2B6E2709004D6878 /* RoleCardView.swift */,
				BF2D06942B73818B0013DD7D /* RoleDetailView.swift */,
				BFB03BAE2B8B0B70005DD170 /* RoleInfoView.swift */,
				BFB03BB02B8B0B93005DD170 /* RoleInfoViewModel.swift */,
				BF0512292B6E2651004D6878 /* RoleListView.swift */,
				BFE403B82B6E2B55002FF39E /* RoleListViewModel.swift */,
				BF2D06A52B752DD30013DD7D /* ShowRoleCardModel.swift */,
				BFE403AF2B6E2901002FF39E /* StarRailAllRoleModel.swift */,
				BFB03BAC2B8B062F005DD170 /* StarRailRoleInfoModel.swift */,
			);
			path = Role;
			sourceTree = "<group>";
		};
/* End PBXGroup section */

/* Begin PBXNativeTarget section */
		BF05121F2B6E2069004D6878 /* MiToolTests */ = {
			isa = PBXNativeTarget;
			buildConfigurationList = BF0512262B6E206A004D6878 /* Build configuration list for PBXNativeTarget "MiToolTests" */;
			buildPhases = (
				BF05121C2B6E2069004D6878 /* Sources */,
				BF05121D2B6E2069004D6878 /* Frameworks */,
				BF05121E2B6E2069004D6878 /* Resources */,
			);
			buildRules = (
			);
			dependencies = (
				BF0512252B6E206A004D6878 /* PBXTargetDependency */,
			);
			name = MiToolTests;
			productName = MiToolTests;
			productReference = BF0512202B6E2069004D6878 /* MiToolTests.xctest */;
			productType = "com.apple.product-type.bundle.unit-test";
		};
		BF4659CC2B69525500587AD3 /* MiTool */ = {
			isa = PBXNativeTarget;
			buildConfigurationList = BF4659DC2B69525600587AD3 /* Build configuration list for PBXNativeTarget "MiTool" */;
			buildPhases = (
				BF4659C92B69525500587AD3 /* Sources */,
				BF4659CA2B69525500587AD3 /* Frameworks */,
				BF4659CB2B69525500587AD3 /* Resources */,
				A46EF6E82B90370E00A1E6B7 /* SwiftLint */,
			);
			buildRules = (
			);
			dependencies = (
			);
			name = MiTool;
			packageProductDependencies = (
				BF4659E02B69534B00587AD3 /* SwiftUIX */,
				BFE403C22B6E3784002FF39E /* Kingfisher */,
				BFA75B882B7FC75B0020B246 /* SQLite */,
				BFB03B752B83772C005DD170 /* CryptoSwift */,
				A4CFC2232B9F0A650082734B /* ObjectMapper */,
			);
			productName = MiTool;
			productReference = BF4659CD2B69525500587AD3 /* MiTool.app */;
			productType = "com.apple.product-type.application";
		};
/* End PBXNativeTarget section */

/* Begin PBXProject section */
		BF4659C52B69525500587AD3 /* Project object */ = {
			isa = PBXProject;
			attributes = {
				BuildIndependentTargetsInParallel = 1;
				LastSwiftUpdateCheck = 1520;
				LastUpgradeCheck = 1520;
				TargetAttributes = {
					BF05121F2B6E2069004D6878 = {
						CreatedOnToolsVersion = 15.2;
						TestTargetID = BF4659CC2B69525500587AD3;
					};
					BF4659CC2B69525500587AD3 = {
						CreatedOnToolsVersion = 15.2;
					};
				};
			};
			buildConfigurationList = BF4659C82B69525500587AD3 /* Build configuration list for PBXProject "MiTool" */;
			compatibilityVersion = "Xcode 14.0";
			developmentRegion = en;
			hasScannedForEncodings = 0;
			knownRegions = (
				en,
				Base,
				"zh-Hans",
			);
			mainGroup = BF4659C42B69525500587AD3;
			packageReferences = (
				BF4659DF2B69534B00587AD3 /* XCRemoteSwiftPackageReference "SwiftUIX" */,
				BFE403C12B6E3784002FF39E /* XCRemoteSwiftPackageReference "Kingfisher" */,
				BFA75B872B7FC75B0020B246 /* XCRemoteSwiftPackageReference "SQLite.swift" */,
				BFB03B742B83772C005DD170 /* XCRemoteSwiftPackageReference "CryptoSwift" */,
				A4CFC2222B9F0A650082734B /* XCRemoteSwiftPackageReference "ObjectMapper" */,
			);
			productRefGroup = BF4659CE2B69525500587AD3 /* Products */;
			projectDirPath = "";
			projectRoot = "";
			targets = (
				BF4659CC2B69525500587AD3 /* MiTool */,
				BF05121F2B6E2069004D6878 /* MiToolTests */,
			);
		};
/* End PBXProject section */

/* Begin PBXResourcesBuildPhase section */
		BF05121E2B6E2069004D6878 /* Resources */ = {
			isa = PBXResourcesBuildPhase;
			buildActionMask = 2147483647;
			files = (
			);
			runOnlyForDeploymentPostprocessing = 0;
		};
		BF4659CB2B69525500587AD3 /* Resources */ = {
			isa = PBXResourcesBuildPhase;
			buildActionMask = 2147483647;
			files = (
				BFB03B8F2B83B26C005DD170 /* computeAvatar.json in Resources */,
				BFFCC1EA2B9C7E5100780742 /* 1111SkillCompute.json in Resources */,
				BFB03BA32B845204005DD170 /* genshinDailyNote.json in Resources */,
				BFFCC1EC2B9C89BC00780742 /* 1112SkillCompute.json in Resources */,
				A4871DC12B8DEBF000C091BB /* genshinCharacter.json in Resources */,
				BFB03B952B83B26C005DD170 /* starRailAllAvatars.json in Resources */,
				BF4659D92B69525600587AD3 /* Preview Assets.xcassets in Resources */,
				BFB03BB82B8CE504005DD170 /* 1003SkillCompute.json in Resources */,
				BFB03B912B83B26C005DD170 /* equipments.json in Resources */,
				BFB03B8A2B83B267005DD170 /* mihoyoPersonal.json in Resources */,
				BF4659D52B69525600587AD3 /* Assets.xcassets in Resources */,
				BFB03BBC2B8CE648005DD170 /* skillComputeRequest.json in Resources */,
				BFB03BA12B844F9F005DD170 /* 10000089FuNingNa.json in Resources */,
				BF5581BE2B6FAED7003A5487 /* Localizable.strings in Resources */,
				BFB03B932B83B26C005DD170 /* 1305Skill.json in Resources */,
				BFB03B982B83B26C005DD170 /* starRailCharacterDetails.json in Resources */,
				BFB03BA02B844F9F005DD170 /* genshinFilter.json in Resources */,
				BFB03B9F2B844F9F005DD170 /* 10000089Skill.json in Resources */,
				BFB03BAB2B8A4C4F005DD170 /* 1003Skill.json in Resources */,
				A4871DBD2B8DE9FD00C091BB /* genshinImpactWidgetV2.json in Resources */,
				A49FEFC92B8C9FCB00B01909 /* 1111Skill.json in Resources */,
				BFB03B972B83B26C005DD170 /* myAvatars.json in Resources */,
				BFB03B902B83B26C005DD170 /* genshinSpiralAbyess.json in Resources */,
				A4871DBB2B8DE9C000C091BB /* starRailWidget.json in Resources */,
				BFB03B892B83B267005DD170 /* mihoyoUser.json in Resources */,
				BFFCC1EE2B9C89DC00780742 /* 1112Skill.json in Resources */,
				A4871DBA2B8DE9C000C091BB /* starRailDailyNode.json in Resources */,
			);
			runOnlyForDeploymentPostprocessing = 0;
		};
/* End PBXResourcesBuildPhase section */

/* Begin PBXShellScriptBuildPhase section */
		A46EF6E82B90370E00A1E6B7 /* SwiftLint */ = {
			isa = PBXShellScriptBuildPhase;
			buildActionMask = 2147483647;
			files = (
			);
			inputFileListPaths = (
			);
			inputPaths = (
			);
			name = SwiftLint;
			outputFileListPaths = (
			);
			outputPaths = (
			);
			runOnlyForDeploymentPostprocessing = 0;
			shellPath = /bin/sh;
			shellScript = "if [[ \"$(uname -m)\" == arm64 ]]; then\n    export PATH=\"/opt/homebrew/bin:$PATH\"\n    #export PATH=/Users/cain/homebrew/bin:$PATH\nfi\n\nif which swiftlint > /dev/null; then\n  swiftlint\nelse\n  echo \"warning: SwiftLint not installed, download from https://github.com/realm/SwiftLint\"\nfi\n";
		};
/* End PBXShellScriptBuildPhase section */

/* Begin PBXSourcesBuildPhase section */
		BF05121C2B6E2069004D6878 /* Sources */ = {
			isa = PBXSourcesBuildPhase;
			buildActionMask = 2147483647;
			files = (
				BF0512232B6E206A004D6878 /* MiToolTests.swift in Sources */,
			);
			runOnlyForDeploymentPostprocessing = 0;
		};
		BF4659C92B69525500587AD3 /* Sources */ = {
			isa = PBXSourcesBuildPhase;
			buildActionMask = 2147483647;
			files = (
				A4CFC2512B9F0AB40082734B /* StarRailCharacterDetailsModel.swift in Sources */,
				BFA75B7B2B7F86840020B246 /* WidgetView.swift in Sources */,
				A4CFC1DB2B9F02EA0082734B /* WidgetSectionModel.swift in Sources */,
				A4CFC2432B9F0A910082734B /* ApiKeys.swift in Sources */,
				BFA75B8F2B7FC8680020B246 /* SQLManager.swift in Sources */,
				A4CFC2212B9F097C0082734B /* LocalizableKeys.swift in Sources */,
				A4CFC2442B9F0A910082734B /* ApiManager+SQL.swift in Sources */,
				BFE403B92B6E2B55002FF39E /* RoleListViewModel.swift in Sources */,
				BFB03B6B2B80FEFA005DD170 /* MihoyoUserListViewModel.swift in Sources */,
				A4CFC2412B9F0A910082734B /* Api.swift in Sources */,
				A4CFC2472B9F0A910082734B /* ApiGameServerKeys.swift in Sources */,
				A4871DCD2B8F307B00C091BB /* SQLManager+StarRailRoleCompute.swift in Sources */,
				A4CFC21F2B9F096F0082734B /* SideBarKeys.swift in Sources */,
				BFE403B02B6E2901002FF39E /* StarRailAllRoleModel.swift in Sources */,
				BFE403B32B6E2A3C002FF39E /* Bundle+Extensions.swift in Sources */,
				BF3F43FA2B9C40BF00B5C3FD /* ArrayX.swift in Sources */,
				A4CFC24E2B9F0A950082734B /* StarRailDestinyKeys.swift in Sources */,
				A4CFC2552B9F0AB40082734B /* StarRailSkillComputeRequestModel.swift in Sources */,
				A4CFC2422B9F0A910082734B /* ApiManager+StarRail.swift in Sources */,
				BFA75B772B7E77450020B246 /* StarRailWidgetCard.swift in Sources */,
				BFB03BB12B8B0B93005DD170 /* RoleInfoViewModel.swift in Sources */,
				BF05122C2B6E2709004D6878 /* RoleCardView.swift in Sources */,
				BFA75B902B7FC8680020B246 /* SQLManager+StarRailRole.swift in Sources */,
				BFE403C02B6E2FD6002FF39E /* ThemeColor.swift in Sources */,
				A4CFC2542B9F0AB40082734B /* StarRailSkillComputeModel.swift in Sources */,
				A41389982B9EAEED00F94141 /* Logger.swift in Sources */,
				A4871DCF2B901B7300C091BB /* SQLManager+StarRailWidget.swift in Sources */,
				BF2D06882B712A200013DD7D /* SideBarViewModel.swift in Sources */,
				A4CFC2502B9F0A9B0082734B /* MihoyoGameCardsModel.swift in Sources */,
				BF2D06912B72A8EC0013DD7D /* WebView.swift in Sources */,
				A4CFC2532B9F0AB40082734B /* GenshinCharacterModel.swift in Sources */,
				BF5581BB2B6FAB1A003A5487 /* SideBarItemView.swift in Sources */,
				BF2D06932B72AA9A0013DD7D /* WebViewModel.swift in Sources */,
				A4CFC1D92B9F02C30082734B /* SideBarModel.swift in Sources */,
				A4CFC2572B9F0AB40082734B /* GenshinWidgetModel.swift in Sources */,
				A4CFC2482B9F0A910082734B /* ApiHeaderConfiguration.swift in Sources */,
				BF05122A2B6E2651004D6878 /* RoleListView.swift in Sources */,
				A4CFC24A2B9F0A910082734B /* ApiDSHelper.swift in Sources */,
				A4CFC2562B9F0AB40082734B /* GenshinDailyNodeModel.swift in Sources */,
				A4CFC24C2B9F0A950082734B /* StarRailRarityKeys.swift in Sources */,
				BFB03BAD2B8B062F005DD170 /* StarRailRoleInfoModel.swift in Sources */,
				BF3F43F72B9C3E1300B5C3FD /* CookieJSWebView.swift in Sources */,
				A413899E2B9EB51A00F94141 /* LocaleX.swift in Sources */,
				BF3F43F12B9C3DC200B5C3FD /* MihoyoUserEditViewModel.swift in Sources */,
				BFC19FD52B945288006E83E9 /* SQLManager+GameRecord.swift in Sources */,
				BFA75B792B7E79E50020B246 /* StarRailWidgetCardViewModel.swift in Sources */,
				BF2D06952B73818B0013DD7D /* RoleDetailView.swift in Sources */,
				A4CFC2462B9F0A910082734B /* ApiNetworkManager.swift in Sources */,
				BFB03B732B831393005DD170 /* MihoyoUserEditView.swift in Sources */,
				BF4659D32B69525500587AD3 /* ContentView.swift in Sources */,
				A4871DC52B8EE46900C091BB /* Text+Extensions.swift in Sources */,
				BFB03BAF2B8B0B71005DD170 /* RoleInfoView.swift in Sources */,
				BFB03B6F2B8255E2005DD170 /* MihoyoGameCardViewModel.swift in Sources */,
				BFA75B8E2B7FC8680020B246 /* SQLManager+GenshinWidget.swift in Sources */,
				A4CFC24F2B9F0A9B0082734B /* MihoyoUserModel.swift in Sources */,
				BF5581B92B6FAADE003A5487 /* SideBar.swift in Sources */,
				A49FEFD62B8D92F100B01909 /* AlamofireObjectMapper.swift in Sources */,
				A4CFC24D2B9F0A950082734B /* StarRailDamageKeys.swift in Sources */,
				BFB03B6D2B80FF9B005DD170 /* MihoyoUserListView.swift in Sources */,
				A4CFC2452B9F0A910082734B /* MockApi.swift in Sources */,
				A49FEFCB2B8D82B400B01909 /* StarRaillRarityView.swift in Sources */,
				BF2D068A2B71E1B70013DD7D /* Image+Extensions.swift in Sources */,
				BF2D06A62B752DD30013DD7D /* ShowRoleCardModel.swift in Sources */,
				BF4659D12B69525500587AD3 /* MiToolApp.swift in Sources */,
				A4CFC2492B9F0A910082734B /* ApiProtocol.swift in Sources */,
				BFB03B652B80E299005DD170 /* SQLManager+MihoyoUser.swift in Sources */,
				A4CFC2522B9F0AB40082734B /* StarRailWeightModel.swift in Sources */,
				BFB03BA72B849123005DD170 /* GenshinWidgetCard.swift in Sources */,
				A4871DCB2B8F253900C091BB /* SQLManager+StarRailRoleSkill.swift in Sources */,
				BFFCC1F42B9DA02E00780742 /* SectionHeaderView.swift in Sources */,
				BFC19FD12B9242DA006E83E9 /* WidgetViewModel.swift in Sources */,
				BFB03B712B825680005DD170 /* MihoyoGameCardView.swift in Sources */,
				A4CFC24B2B9F0A910082734B /* ApiManager.swift in Sources */,
				BFB03BA92B84A58C005DD170 /* GenshinWidgetCardViewModel.swift in Sources */,
			);
			runOnlyForDeploymentPostprocessing = 0;
		};
/* End PBXSourcesBuildPhase section */

/* Begin PBXTargetDependency section */
		BF0512252B6E206A004D6878 /* PBXTargetDependency */ = {
			isa = PBXTargetDependency;
			target = BF4659CC2B69525500587AD3 /* MiTool */;
			targetProxy = BF0512242B6E206A004D6878 /* PBXContainerItemProxy */;
		};
/* End PBXTargetDependency section */

/* Begin PBXVariantGroup section */
		BF5581C02B6FAED7003A5487 /* Localizable.strings */ = {
			isa = PBXVariantGroup;
			children = (
				BF5581BF2B6FAED7003A5487 /* en */,
				BF5581C12B6FAED8003A5487 /* zh-Hans */,
			);
			name = Localizable.strings;
			sourceTree = "<group>";
		};
/* End PBXVariantGroup section */

/* Begin XCBuildConfiguration section */
		BF0512272B6E206A004D6878 /* Debug */ = {
			isa = XCBuildConfiguration;
			buildSettings = {
				BUNDLE_LOADER = "$(TEST_HOST)";
				CODE_SIGN_STYLE = Automatic;
				CURRENT_PROJECT_VERSION = 1;
				DEVELOPMENT_TEAM = M67UHY3N8U;
				GENERATE_INFOPLIST_FILE = YES;
				IPHONEOS_DEPLOYMENT_TARGET = 17.0;
				MACOSX_DEPLOYMENT_TARGET = 13.0;
				MARKETING_VERSION = 1.0;
				PRODUCT_BUNDLE_IDENTIFIER = caom.cainluo.MiToolTests;
				PRODUCT_NAME = "$(TARGET_NAME)";
				SDKROOT = auto;
				SUPPORTED_PLATFORMS = "iphoneos iphonesimulator macosx";
				SWIFT_EMIT_LOC_STRINGS = NO;
				SWIFT_VERSION = 5.0;
				TARGETED_DEVICE_FAMILY = "1,2";
				TEST_HOST = "$(BUILT_PRODUCTS_DIR)/MiTool.app/$(BUNDLE_EXECUTABLE_FOLDER_PATH)/MiTool";
			};
			name = Debug;
		};
		BF0512282B6E206A004D6878 /* Release */ = {
			isa = XCBuildConfiguration;
			buildSettings = {
				BUNDLE_LOADER = "$(TEST_HOST)";
				CODE_SIGN_STYLE = Automatic;
				CURRENT_PROJECT_VERSION = 1;
				DEVELOPMENT_TEAM = M67UHY3N8U;
				GENERATE_INFOPLIST_FILE = YES;
				IPHONEOS_DEPLOYMENT_TARGET = 17.0;
				MACOSX_DEPLOYMENT_TARGET = 13.0;
				MARKETING_VERSION = 1.0;
				PRODUCT_BUNDLE_IDENTIFIER = caom.cainluo.MiToolTests;
				PRODUCT_NAME = "$(TARGET_NAME)";
				SDKROOT = auto;
				SUPPORTED_PLATFORMS = "iphoneos iphonesimulator macosx";
				SWIFT_EMIT_LOC_STRINGS = NO;
				SWIFT_VERSION = 5.0;
				TARGETED_DEVICE_FAMILY = "1,2";
				TEST_HOST = "$(BUILT_PRODUCTS_DIR)/MiTool.app/$(BUNDLE_EXECUTABLE_FOLDER_PATH)/MiTool";
			};
			name = Release;
		};
		BF4659DA2B69525600587AD3 /* Debug */ = {
			isa = XCBuildConfiguration;
			buildSettings = {
				ALWAYS_SEARCH_USER_PATHS = NO;
				ASSETCATALOG_COMPILER_GENERATE_SWIFT_ASSET_SYMBOL_EXTENSIONS = YES;
				CLANG_ANALYZER_NONNULL = YES;
				CLANG_ANALYZER_NUMBER_OBJECT_CONVERSION = YES_AGGRESSIVE;
				CLANG_CXX_LANGUAGE_STANDARD = "gnu++20";
				CLANG_ENABLE_MODULES = YES;
				CLANG_ENABLE_OBJC_ARC = YES;
				CLANG_ENABLE_OBJC_WEAK = YES;
				CLANG_WARN_BLOCK_CAPTURE_AUTORELEASING = YES;
				CLANG_WARN_BOOL_CONVERSION = YES;
				CLANG_WARN_COMMA = YES;
				CLANG_WARN_CONSTANT_CONVERSION = YES;
				CLANG_WARN_DEPRECATED_OBJC_IMPLEMENTATIONS = YES;
				CLANG_WARN_DIRECT_OBJC_ISA_USAGE = YES_ERROR;
				CLANG_WARN_DOCUMENTATION_COMMENTS = YES;
				CLANG_WARN_EMPTY_BODY = YES;
				CLANG_WARN_ENUM_CONVERSION = YES;
				CLANG_WARN_INFINITE_RECURSION = YES;
				CLANG_WARN_INT_CONVERSION = YES;
				CLANG_WARN_NON_LITERAL_NULL_CONVERSION = YES;
				CLANG_WARN_OBJC_IMPLICIT_RETAIN_SELF = YES;
				CLANG_WARN_OBJC_LITERAL_CONVERSION = YES;
				CLANG_WARN_OBJC_ROOT_CLASS = YES_ERROR;
				CLANG_WARN_QUOTED_INCLUDE_IN_FRAMEWORK_HEADER = YES;
				CLANG_WARN_RANGE_LOOP_ANALYSIS = YES;
				CLANG_WARN_STRICT_PROTOTYPES = YES;
				CLANG_WARN_SUSPICIOUS_MOVE = YES;
				CLANG_WARN_UNGUARDED_AVAILABILITY = YES_AGGRESSIVE;
				CLANG_WARN_UNREACHABLE_CODE = YES;
				CLANG_WARN__DUPLICATE_METHOD_MATCH = YES;
				COPY_PHASE_STRIP = NO;
				DEBUG_INFORMATION_FORMAT = dwarf;
				ENABLE_STRICT_OBJC_MSGSEND = YES;
				ENABLE_TESTABILITY = YES;
				ENABLE_USER_SCRIPT_SANDBOXING = YES;
				GCC_C_LANGUAGE_STANDARD = gnu17;
				GCC_DYNAMIC_NO_PIC = NO;
				GCC_NO_COMMON_BLOCKS = YES;
				GCC_OPTIMIZATION_LEVEL = 0;
				GCC_PREPROCESSOR_DEFINITIONS = (
					"DEBUG=1",
					"$(inherited)",
				);
				GCC_WARN_64_TO_32_BIT_CONVERSION = YES;
				GCC_WARN_ABOUT_RETURN_TYPE = YES_ERROR;
				GCC_WARN_UNDECLARED_SELECTOR = YES;
				GCC_WARN_UNINITIALIZED_AUTOS = YES_AGGRESSIVE;
				GCC_WARN_UNUSED_FUNCTION = YES;
				GCC_WARN_UNUSED_VARIABLE = YES;
				LOCALIZATION_PREFERS_STRING_CATALOGS = YES;
				MTL_ENABLE_DEBUG_INFO = INCLUDE_SOURCE;
				MTL_FAST_MATH = YES;
				ONLY_ACTIVE_ARCH = YES;
				SWIFT_ACTIVE_COMPILATION_CONDITIONS = "DEBUG $(inherited)";
				SWIFT_OPTIMIZATION_LEVEL = "-Onone";
			};
			name = Debug;
		};
		BF4659DB2B69525600587AD3 /* Release */ = {
			isa = XCBuildConfiguration;
			buildSettings = {
				ALWAYS_SEARCH_USER_PATHS = NO;
				ASSETCATALOG_COMPILER_GENERATE_SWIFT_ASSET_SYMBOL_EXTENSIONS = YES;
				CLANG_ANALYZER_NONNULL = YES;
				CLANG_ANALYZER_NUMBER_OBJECT_CONVERSION = YES_AGGRESSIVE;
				CLANG_CXX_LANGUAGE_STANDARD = "gnu++20";
				CLANG_ENABLE_MODULES = YES;
				CLANG_ENABLE_OBJC_ARC = YES;
				CLANG_ENABLE_OBJC_WEAK = YES;
				CLANG_WARN_BLOCK_CAPTURE_AUTORELEASING = YES;
				CLANG_WARN_BOOL_CONVERSION = YES;
				CLANG_WARN_COMMA = YES;
				CLANG_WARN_CONSTANT_CONVERSION = YES;
				CLANG_WARN_DEPRECATED_OBJC_IMPLEMENTATIONS = YES;
				CLANG_WARN_DIRECT_OBJC_ISA_USAGE = YES_ERROR;
				CLANG_WARN_DOCUMENTATION_COMMENTS = YES;
				CLANG_WARN_EMPTY_BODY = YES;
				CLANG_WARN_ENUM_CONVERSION = YES;
				CLANG_WARN_INFINITE_RECURSION = YES;
				CLANG_WARN_INT_CONVERSION = YES;
				CLANG_WARN_NON_LITERAL_NULL_CONVERSION = YES;
				CLANG_WARN_OBJC_IMPLICIT_RETAIN_SELF = YES;
				CLANG_WARN_OBJC_LITERAL_CONVERSION = YES;
				CLANG_WARN_OBJC_ROOT_CLASS = YES_ERROR;
				CLANG_WARN_QUOTED_INCLUDE_IN_FRAMEWORK_HEADER = YES;
				CLANG_WARN_RANGE_LOOP_ANALYSIS = YES;
				CLANG_WARN_STRICT_PROTOTYPES = YES;
				CLANG_WARN_SUSPICIOUS_MOVE = YES;
				CLANG_WARN_UNGUARDED_AVAILABILITY = YES_AGGRESSIVE;
				CLANG_WARN_UNREACHABLE_CODE = YES;
				CLANG_WARN__DUPLICATE_METHOD_MATCH = YES;
				COPY_PHASE_STRIP = NO;
				DEBUG_INFORMATION_FORMAT = "dwarf-with-dsym";
				ENABLE_NS_ASSERTIONS = NO;
				ENABLE_STRICT_OBJC_MSGSEND = YES;
				ENABLE_USER_SCRIPT_SANDBOXING = YES;
				GCC_C_LANGUAGE_STANDARD = gnu17;
				GCC_NO_COMMON_BLOCKS = YES;
				GCC_WARN_64_TO_32_BIT_CONVERSION = YES;
				GCC_WARN_ABOUT_RETURN_TYPE = YES_ERROR;
				GCC_WARN_UNDECLARED_SELECTOR = YES;
				GCC_WARN_UNINITIALIZED_AUTOS = YES_AGGRESSIVE;
				GCC_WARN_UNUSED_FUNCTION = YES;
				GCC_WARN_UNUSED_VARIABLE = YES;
				LOCALIZATION_PREFERS_STRING_CATALOGS = YES;
				MTL_ENABLE_DEBUG_INFO = NO;
				MTL_FAST_MATH = YES;
				SWIFT_COMPILATION_MODE = wholemodule;
			};
			name = Release;
		};
		BF4659DD2B69525600587AD3 /* Debug */ = {
			isa = XCBuildConfiguration;
			buildSettings = {
				ASSETCATALOG_COMPILER_APPICON_NAME = AppIcon;
				ASSETCATALOG_COMPILER_GLOBAL_ACCENT_COLOR_NAME = AccentColor;
				CODE_SIGN_ENTITLEMENTS = MiTool/Resources/MiTool.entitlements;
				CODE_SIGN_STYLE = Automatic;
				CURRENT_PROJECT_VERSION = 1;
				DEVELOPMENT_ASSET_PATHS = "\"MiTool/Preview Content\"";
				DEVELOPMENT_TEAM = M67UHY3N8U;
				ENABLE_HARDENED_RUNTIME = YES;
				ENABLE_PREVIEWS = YES;
				ENABLE_USER_SCRIPT_SANDBOXING = NO;
				GENERATE_INFOPLIST_FILE = YES;
				INFOPLIST_FILE = MiTool/Info.plist;
				INFOPLIST_KEY_CFBundleDisplayName = "Mi Tool";
				INFOPLIST_KEY_LSApplicationCategoryType = "public.app-category.utilities";
				"INFOPLIST_KEY_UIApplicationSceneManifest_Generation[sdk=iphoneos*]" = YES;
				"INFOPLIST_KEY_UIApplicationSceneManifest_Generation[sdk=iphonesimulator*]" = YES;
				"INFOPLIST_KEY_UIApplicationSupportsIndirectInputEvents[sdk=iphoneos*]" = YES;
				"INFOPLIST_KEY_UIApplicationSupportsIndirectInputEvents[sdk=iphonesimulator*]" = YES;
				"INFOPLIST_KEY_UILaunchScreen_Generation[sdk=iphoneos*]" = YES;
				"INFOPLIST_KEY_UILaunchScreen_Generation[sdk=iphonesimulator*]" = YES;
				"INFOPLIST_KEY_UIStatusBarStyle[sdk=iphoneos*]" = UIStatusBarStyleDefault;
				"INFOPLIST_KEY_UIStatusBarStyle[sdk=iphonesimulator*]" = UIStatusBarStyleDefault;
				INFOPLIST_KEY_UISupportedInterfaceOrientations_iPad = "UIInterfaceOrientationPortrait UIInterfaceOrientationPortraitUpsideDown UIInterfaceOrientationLandscapeLeft UIInterfaceOrientationLandscapeRight";
				INFOPLIST_KEY_UISupportedInterfaceOrientations_iPhone = "UIInterfaceOrientationPortrait UIInterfaceOrientationLandscapeLeft UIInterfaceOrientationLandscapeRight";
				IPHONEOS_DEPLOYMENT_TARGET = 17.0;
				LD_RUNPATH_SEARCH_PATHS = "@executable_path/Frameworks";
				"LD_RUNPATH_SEARCH_PATHS[sdk=macosx*]" = "@executable_path/../Frameworks";
				MACOSX_DEPLOYMENT_TARGET = 13.0;
				MARKETING_VERSION = 1.0.0;
				PRODUCT_BUNDLE_IDENTIFIER = caom.cainluo.MiTool;
				PRODUCT_NAME = "$(TARGET_NAME)";
				SDKROOT = auto;
				SUPPORTED_PLATFORMS = "iphoneos iphonesimulator macosx";
				SWIFT_EMIT_LOC_STRINGS = YES;
				SWIFT_VERSION = 5.0;
				TARGETED_DEVICE_FAMILY = "1,2";
			};
			name = Debug;
		};
		BF4659DE2B69525600587AD3 /* Release */ = {
			isa = XCBuildConfiguration;
			buildSettings = {
				ASSETCATALOG_COMPILER_APPICON_NAME = AppIcon;
				ASSETCATALOG_COMPILER_GLOBAL_ACCENT_COLOR_NAME = AccentColor;
				CODE_SIGN_ENTITLEMENTS = MiTool/Resources/MiTool.entitlements;
				CODE_SIGN_STYLE = Automatic;
				CURRENT_PROJECT_VERSION = 1;
				DEVELOPMENT_ASSET_PATHS = "\"MiTool/Preview Content\"";
				DEVELOPMENT_TEAM = M67UHY3N8U;
				ENABLE_HARDENED_RUNTIME = YES;
				ENABLE_PREVIEWS = YES;
				ENABLE_USER_SCRIPT_SANDBOXING = NO;
				GENERATE_INFOPLIST_FILE = YES;
				INFOPLIST_FILE = MiTool/Info.plist;
				INFOPLIST_KEY_CFBundleDisplayName = "Mi Tool";
				INFOPLIST_KEY_LSApplicationCategoryType = "public.app-category.utilities";
				"INFOPLIST_KEY_UIApplicationSceneManifest_Generation[sdk=iphoneos*]" = YES;
				"INFOPLIST_KEY_UIApplicationSceneManifest_Generation[sdk=iphonesimulator*]" = YES;
				"INFOPLIST_KEY_UIApplicationSupportsIndirectInputEvents[sdk=iphoneos*]" = YES;
				"INFOPLIST_KEY_UIApplicationSupportsIndirectInputEvents[sdk=iphonesimulator*]" = YES;
				"INFOPLIST_KEY_UILaunchScreen_Generation[sdk=iphoneos*]" = YES;
				"INFOPLIST_KEY_UILaunchScreen_Generation[sdk=iphonesimulator*]" = YES;
				"INFOPLIST_KEY_UIStatusBarStyle[sdk=iphoneos*]" = UIStatusBarStyleDefault;
				"INFOPLIST_KEY_UIStatusBarStyle[sdk=iphonesimulator*]" = UIStatusBarStyleDefault;
				INFOPLIST_KEY_UISupportedInterfaceOrientations_iPad = "UIInterfaceOrientationPortrait UIInterfaceOrientationPortraitUpsideDown UIInterfaceOrientationLandscapeLeft UIInterfaceOrientationLandscapeRight";
				INFOPLIST_KEY_UISupportedInterfaceOrientations_iPhone = "UIInterfaceOrientationPortrait UIInterfaceOrientationLandscapeLeft UIInterfaceOrientationLandscapeRight";
				IPHONEOS_DEPLOYMENT_TARGET = 17.0;
				LD_RUNPATH_SEARCH_PATHS = "@executable_path/Frameworks";
				"LD_RUNPATH_SEARCH_PATHS[sdk=macosx*]" = "@executable_path/../Frameworks";
				MACOSX_DEPLOYMENT_TARGET = 13.0;
				MARKETING_VERSION = 1.0.0;
				PRODUCT_BUNDLE_IDENTIFIER = caom.cainluo.MiTool;
				PRODUCT_NAME = "$(TARGET_NAME)";
				SDKROOT = auto;
				SUPPORTED_PLATFORMS = "iphoneos iphonesimulator macosx";
				SWIFT_EMIT_LOC_STRINGS = YES;
				SWIFT_VERSION = 5.0;
				TARGETED_DEVICE_FAMILY = "1,2";
			};
			name = Release;
		};
/* End XCBuildConfiguration section */

/* Begin XCConfigurationList section */
		BF0512262B6E206A004D6878 /* Build configuration list for PBXNativeTarget "MiToolTests" */ = {
			isa = XCConfigurationList;
			buildConfigurations = (
				BF0512272B6E206A004D6878 /* Debug */,
				BF0512282B6E206A004D6878 /* Release */,
			);
			defaultConfigurationIsVisible = 0;
			defaultConfigurationName = Release;
		};
		BF4659C82B69525500587AD3 /* Build configuration list for PBXProject "MiTool" */ = {
			isa = XCConfigurationList;
			buildConfigurations = (
				BF4659DA2B69525600587AD3 /* Debug */,
				BF4659DB2B69525600587AD3 /* Release */,
			);
			defaultConfigurationIsVisible = 0;
			defaultConfigurationName = Release;
		};
		BF4659DC2B69525600587AD3 /* Build configuration list for PBXNativeTarget "MiTool" */ = {
			isa = XCConfigurationList;
			buildConfigurations = (
				BF4659DD2B69525600587AD3 /* Debug */,
				BF4659DE2B69525600587AD3 /* Release */,
			);
			defaultConfigurationIsVisible = 0;
			defaultConfigurationName = Release;
		};
/* End XCConfigurationList section */

/* Begin XCRemoteSwiftPackageReference section */
		A4CFC2222B9F0A650082734B /* XCRemoteSwiftPackageReference "ObjectMapper" */ = {
			isa = XCRemoteSwiftPackageReference;
			repositoryURL = "https://github.com/tristanhimmelman/ObjectMapper";
			requirement = {
				kind = upToNextMajorVersion;
				minimumVersion = 4.2.0;
			};
		};
		BF4659DF2B69534B00587AD3 /* XCRemoteSwiftPackageReference "SwiftUIX" */ = {
			isa = XCRemoteSwiftPackageReference;
			repositoryURL = "https://github.com/SwiftUIX/SwiftUIX";
			requirement = {
				kind = upToNextMajorVersion;
				minimumVersion = 0.1.9;
			};
		};
		BFA75B872B7FC75B0020B246 /* XCRemoteSwiftPackageReference "SQLite.swift" */ = {
			isa = XCRemoteSwiftPackageReference;
			repositoryURL = "https://github.com/stephencelis/SQLite.swift.git";
			requirement = {
				kind = upToNextMajorVersion;
				minimumVersion = 0.14.1;
			};
		};
		BFB03B742B83772C005DD170 /* XCRemoteSwiftPackageReference "CryptoSwift" */ = {
			isa = XCRemoteSwiftPackageReference;
			repositoryURL = "https://github.com/krzyzanowskim/CryptoSwift";
			requirement = {
				kind = upToNextMajorVersion;
				minimumVersion = 1.8.1;
			};
		};
		BFE403C12B6E3784002FF39E /* XCRemoteSwiftPackageReference "Kingfisher" */ = {
			isa = XCRemoteSwiftPackageReference;
			repositoryURL = "https://github.com/onevcat/Kingfisher";
			requirement = {
				kind = upToNextMajorVersion;
				minimumVersion = 7.10.2;
			};
		};
/* End XCRemoteSwiftPackageReference section */

/* Begin XCSwiftPackageProductDependency section */
		A4CFC2232B9F0A650082734B /* ObjectMapper */ = {
			isa = XCSwiftPackageProductDependency;
			package = A4CFC2222B9F0A650082734B /* XCRemoteSwiftPackageReference "ObjectMapper" */;
			productName = ObjectMapper;
		};
		BF4659E02B69534B00587AD3 /* SwiftUIX */ = {
			isa = XCSwiftPackageProductDependency;
			package = BF4659DF2B69534B00587AD3 /* XCRemoteSwiftPackageReference "SwiftUIX" */;
			productName = SwiftUIX;
		};
		BFA75B882B7FC75B0020B246 /* SQLite */ = {
			isa = XCSwiftPackageProductDependency;
			package = BFA75B872B7FC75B0020B246 /* XCRemoteSwiftPackageReference "SQLite.swift" */;
			productName = SQLite;
		};
		BFB03B752B83772C005DD170 /* CryptoSwift */ = {
			isa = XCSwiftPackageProductDependency;
			package = BFB03B742B83772C005DD170 /* XCRemoteSwiftPackageReference "CryptoSwift" */;
			productName = CryptoSwift;
		};
		BFE403C22B6E3784002FF39E /* Kingfisher */ = {
			isa = XCSwiftPackageProductDependency;
			package = BFE403C12B6E3784002FF39E /* XCRemoteSwiftPackageReference "Kingfisher" */;
			productName = Kingfisher;
		};
/* End XCSwiftPackageProductDependency section */
	};
	rootObject = BF4659C52B69525500587AD3 /* Project object */;
}
